{
    "name": "simple-cdp",
    "version": "1.7.0",
    "lockfileVersion": 3,
    "requires": true,
    "packages": {
        "": {
            "name": "simple-cdp",
            "version": "1.7.0",
            "license": "MIT",
            "engines": {
                "bun": ">=1.0",
                "deno": ">=1.4"
            }
        }
    }
}
